
Microsoft Visual Studio Solution File, Format Version 12.00
# Visual Studio 15
VisualStudioVersion = 15.0.28010.2026
MinimumVisualStudioVersion = 10.0.40219.1
Project("{FAE04EC0-301F-11D3-BF4B-00C04F79EFBC}") = "aplikacja-przychodnia", "aplikacja-przychodnia\aplikacja-przychodnia.csproj", "{A00D7C30-4FA1-4397-9985-8EF4FDE83E18}"
EndProject
Project("{FAE04EC0-301F-11D3-BF4B-00C04F79EFBC}") = "RegClassTest", "RegClassTest\RegClassTest.csproj", "{2B4C29C4-B267-4184-9BFF-9D25B8B31D12}"
EndProject
Project("{FAE04EC0-301F-11D3-BF4B-00C04F79EFBC}") = "FirmLocalDataBaseTest", "FirmLocalDataBaseTest\FirmLocalDataBaseTest.csproj", "{E644F25B-7386-45F9-A68B-2AC826525A7D}"
EndProject
Global
	GlobalSection(SolutionConfigurationPlatforms) = preSolution
		Debug|Any CPU = Debug|Any CPU
		Release|Any CPU = Release|Any CPU
	EndGlobalSection
	GlobalSection(ProjectConfigurationPlatforms) = postSolution
		{A00D7C30-4FA1-4397-9985-8EF4FDE83E18}.Debug|Any CPU.ActiveCfg = Debug|Any CPU
		{A00D7C30-4FA1-4397-9985-8EF4FDE83E18}.Debug|Any CPU.Build.0 = Debug|Any CPU
		{A00D7C30-4FA1-4397-9985-8EF4FDE83E18}.Release|Any CPU.ActiveCfg = Release|Any CPU
		{A00D7C30-4FA1-4397-9985-8EF4FDE83E18}.Release|Any CPU.Build.0 = Release|Any CPU
		{2B4C29C4-B267-4184-9BFF-9D25B8B31D12}.Debug|Any CPU.ActiveCfg = Debug|Any CPU
		{2B4C29C4-B267-4184-9BFF-9D25B8B31D12}.Debug|Any CPU.Build.0 = Debug|Any CPU
		{2B4C29C4-B267-4184-9BFF-9D25B8B31D12}.Release|Any CPU.ActiveCfg = Release|Any CPU
		{2B4C29C4-B267-4184-9BFF-9D25B8B31D12}.Release|Any CPU.Build.0 = Release|Any CPU
		{E644F25B-7386-45F9-A68B-2AC826525A7D}.Debug|Any CPU.ActiveCfg = Debug|Any CPU
		{E644F25B-7386-45F9-A68B-2AC826525A7D}.Debug|Any CPU.Build.0 = Debug|Any CPU
		{E644F25B-7386-45F9-A68B-2AC826525A7D}.Release|Any CPU.ActiveCfg = Release|Any CPU
		{E644F25B-7386-45F9-A68B-2AC826525A7D}.Release|Any CPU.Build.0 = Release|Any CPU
	EndGlobalSection
	GlobalSection(SolutionProperties) = preSolution
		HideSolutionNode = FALSE
	EndGlobalSection
	GlobalSection(ExtensibilityGlobals) = postSolution
		SolutionGuid = {0931EF53-E83C-4E47-8391-DAC8C290B8DB}
	EndGlobalSection
EndGlobal
